// !$*UTF8*$!
{
	archiveVersion = 1;
	classes = {
	};
	objectVersion = 50;
	objects = {

/* Begin PBXBuildFile section */
		578E8F8D26022A920064EDD4 /* AppDelegate.swift in Sources */ = {isa = PBXBuildFile; fileRef = 578E8F8C26022A920064EDD4 /* AppDelegate.swift */; };
		578E8F8F26022A920064EDD4 /* SceneDelegate.swift in Sources */ = {isa = PBXBuildFile; fileRef = 578E8F8E26022A920064EDD4 /* SceneDelegate.swift */; };
		578E8F9126022A920064EDD4 /* ViewController.swift in Sources */ = {isa = PBXBuildFile; fileRef = 578E8F9026022A920064EDD4 /* ViewController.swift */; };
		578E8F9426022A920064EDD4 /* Main.storyboard in Resources */ = {isa = PBXBuildFile; fileRef = 578E8F9226022A920064EDD4 /* Main.storyboard */; };
		578E8F9626022A950064EDD4 /* Assets.xcassets in Resources */ = {isa = PBXBuildFile; fileRef = 578E8F9526022A950064EDD4 /* Assets.xcassets */; };
		578E8F9926022A950064EDD4 /* LaunchScreen.storyboard in Resources */ = {isa = PBXBuildFile; fileRef = 578E8F9726022A950064EDD4 /* LaunchScreen.storyboard */; };
		578E8FA426022A960064EDD4 /* HW5_InterestingAPITests.swift in Sources */ = {isa = PBXBuildFile; fileRef = 578E8FA326022A960064EDD4 /* HW5_InterestingAPITests.swift */; };
		578E8FAF26022A960064EDD4 /* HW5_InterestingAPIUITests.swift in Sources */ = {isa = PBXBuildFile; fileRef = 578E8FAE26022A960064EDD4 /* HW5_InterestingAPIUITests.swift */; };
		57CBC63E2604BE460095E004 /* ARModel.swift in Sources */ = {isa = PBXBuildFile; fileRef = 57CBC63D2604BE460095E004 /* ARModel.swift */; };
		57CBC656260600FC0095E004 /* Pizza.usdz in Resources */ = {isa = PBXBuildFile; fileRef = 57CBC655260600FC0095E004 /* Pizza.usdz */; };
/* End PBXBuildFile section */

/* Begin PBXContainerItemProxy section */
		578E8FA026022A960064EDD4 /* PBXContainerItemProxy */ = {
			isa = PBXContainerItemProxy;
			containerPortal = 578E8F8126022A920064EDD4 /* Project object */;
			proxyType = 1;
			remoteGlobalIDString = 578E8F8826022A920064EDD4;
			remoteInfo = HW5_InterestingAPI;
		};
		578E8FAB26022A960064EDD4 /* PBXContainerItemProxy */ = {
			isa = PBXContainerItemProxy;
			containerPortal = 578E8F8126022A920064EDD4 /* Project object */;
			proxyType = 1;
			remoteGlobalIDString = 578E8F8826022A920064EDD4;
			remoteInfo = HW5_InterestingAPI;
		};
/* End PBXContainerItemProxy section */

/* Begin PBXFileReference section */
		578E8F8926022A920064EDD4 /* HW5_InterestingAPI.app */ = {isa = PBXFileReference; explicitFileType = wrapper.application; includeInIndex = 0; path = HW5_InterestingAPI.app; sourceTree = BUILT_PRODUCTS_DIR; };
		578E8F8C26022A920064EDD4 /* AppDelegate.swift */ = {isa = PBXFileReference; lastKnownFileType = sourcecode.swift; path = AppDelegate.swift; sourceTree = "<group>"; };
		578E8F8E26022A920064EDD4 /* SceneDelegate.swift */ = {isa = PBXFileReference; lastKnownFileType = sourcecode.swift; path = SceneDelegate.swift; sourceTree = "<group>"; };
		578E8F9026022A920064EDD4 /* ViewController.swift */ = {isa = PBXFileReference; lastKnownFileType = sourcecode.swift; path = ViewController.swift; sourceTree = "<group>"; };
		578E8F9326022A920064EDD4 /* Base */ = {isa = PBXFileReference; lastKnownFileType = file.storyboard; name = Base; path = Base.lproj/Main.storyboard; sourceTree = "<group>"; };
		578E8F9526022A950064EDD4 /* Assets.xcassets */ = {isa = PBXFileReference; lastKnownFileType = folder.assetcatalog; path = Assets.xcassets; sourceTree = "<group>"; };
		578E8F9826022A950064EDD4 /* Base */ = {isa = PBXFileReference; lastKnownFileType = file.storyboard; name = Base; path = Base.lproj/LaunchScreen.storyboard; sourceTree = "<group>"; };
		578E8F9A26022A950064EDD4 /* Info.plist */ = {isa = PBXFileReference; lastKnownFileType = text.plist.xml; path = Info.plist; sourceTree = "<group>"; };
		578E8F9F26022A950064EDD4 /* HW5_InterestingAPITests.xctest */ = {isa = PBXFileReference; explicitFileType = wrapper.cfbundle; includeInIndex = 0; path = HW5_InterestingAPITests.xctest; sourceTree = BUILT_PRODUCTS_DIR; };
		578E8FA326022A960064EDD4 /* HW5_InterestingAPITests.swift */ = {isa = PBXFileReference; lastKnownFileType = sourcecode.swift; path = HW5_InterestingAPITests.swift; sourceTree = "<group>"; };
		578E8FA526022A960064EDD4 /* Info.plist */ = {isa = PBXFileReference; lastKnownFileType = text.plist.xml; path = Info.plist; sourceTree = "<group>"; };
		578E8FAA26022A960064EDD4 /* HW5_InterestingAPIUITests.xctest */ = {isa = PBXFileReference; explicitFileType = wrapper.cfbundle; includeInIndex = 0; path = HW5_InterestingAPIUITests.xctest; sourceTree = BUILT_PRODUCTS_DIR; };
		578E8FAE26022A960064EDD4 /* HW5_InterestingAPIUITests.swift */ = {isa = PBXFileReference; lastKnownFileType = sourcecode.swift; path = HW5_InterestingAPIUITests.swift; sourceTree = "<group>"; };
		578E8FB026022A960064EDD4 /* Info.plist */ = {isa = PBXFileReference; lastKnownFileType = text.plist.xml; path = Info.plist; sourceTree = "<group>"; };
		57CBC63D2604BE460095E004 /* ARModel.swift */ = {isa = PBXFileReference; lastKnownFileType = sourcecode.swift; path = ARModel.swift; sourceTree = "<group>"; };
		57CBC655260600FC0095E004 /* Pizza.usdz */ = {isa = PBXFileReference; lastKnownFileType = file.usdz; path = Pizza.usdz; sourceTree = "<group>"; };
/* End PBXFileReference section */

/* Begin PBXFrameworksBuildPhase section */
		578E8F8626022A920064EDD4 /* Frameworks */ = {
			isa = PBXFrameworksBuildPhase;
			buildActionMask = 2147483647;
			files = (
			);
			runOnlyForDeploymentPostprocessing = 0;
		};
		578E8F9C26022A950064EDD4 /* Frameworks */ = {
			isa = PBXFrameworksBuildPhase;
			buildActionMask = 2147483647;
			files = (
			);
			runOnlyForDeploymentPostprocessing = 0;
		};
		578E8FA726022A960064EDD4 /* Frameworks */ = {
			isa = PBXFrameworksBuildPhase;
			buildActionMask = 2147483647;
			files = (
			);
			runOnlyForDeploymentPostprocessing = 0;
		};
/* End PBXFrameworksBuildPhase section */

/* Begin PBXGroup section */
		578E8F8026022A920064EDD4 = {
			isa = PBXGroup;
			children = (
				578E8F8B26022A920064EDD4 /* HW5_InterestingAPI */,
				578E8FA226022A960064EDD4 /* HW5_InterestingAPITests */,
				578E8FAD26022A960064EDD4 /* HW5_InterestingAPIUITests */,
				578E8F8A26022A920064EDD4 /* Products */,
			);
			sourceTree = "<group>";
		};
		578E8F8A26022A920064EDD4 /* Products */ = {
			isa = PBXGroup;
			children = (
				578E8F8926022A920064EDD4 /* HW5_InterestingAPI.app */,
				578E8F9F26022A950064EDD4 /* HW5_InterestingAPITests.xctest */,
				578E8FAA26022A960064EDD4 /* HW5_InterestingAPIUITests.xctest */,
			);
			name = Products;
			sourceTree = "<group>";
		};
		578E8F8B26022A920064EDD4 /* HW5_InterestingAPI */ = {
			isa = PBXGroup;
			children = (
				578E8F8C26022A920064EDD4 /* AppDelegate.swift */,
				578E8F8E26022A920064EDD4 /* SceneDelegate.swift */,
				578E8F9026022A920064EDD4 /* ViewController.swift */,
				57CBC63D2604BE460095E004 /* ARModel.swift */,
				578E8F9226022A920064EDD4 /* Main.storyboard */,
				578E8F9526022A950064EDD4 /* Assets.xcassets */,
				578E8F9726022A950064EDD4 /* LaunchScreen.storyboard */,
				578E8F9A26022A950064EDD4 /* Info.plist */,
				57CBC655260600FC0095E004 /* Pizza.usdz */,
			);
			path = HW5_InterestingAPI;
			sourceTree = "<group>";
		};
		578E8FA226022A960064EDD4 /* HW5_InterestingAPITests */ = {
			isa = PBXGroup;
			children = (
				578E8FA326022A960064EDD4 /* HW5_InterestingAPITests.swift */,
				578E8FA526022A960064EDD4 /* Info.plist */,
			);
			path = HW5_InterestingAPITests;
			sourceTree = "<group>";
		};
		578E8FAD26022A960064EDD4 /* HW5_InterestingAPIUITests */ = {
			isa = PBXGroup;
			children = (
				578E8FAE26022A960064EDD4 /* HW5_InterestingAPIUITests.swift */,
				578E8FB026022A960064EDD4 /* Info.plist */,
			);
			path = HW5_InterestingAPIUITests;
			sourceTree = "<group>";
		};
/* End PBXGroup section */

/* Begin PBXNativeTarget section */
		578E8F8826022A920064EDD4 /* HW5_InterestingAPI */ = {
			isa = PBXNativeTarget;
			buildConfigurationList = 578E8FB326022A960064EDD4 /* Build configuration list for PBXNativeTarget "HW5_InterestingAPI" */;
			buildPhases = (
				578E8F8526022A920064EDD4 /* Sources */,
				578E8F8626022A920064EDD4 /* Frameworks */,
				578E8F8726022A920064EDD4 /* Resources */,
			);
			buildRules = (
			);
			dependencies = (
			);
			name = HW5_InterestingAPI;
			productName = HW5_InterestingAPI;
			productReference = 578E8F8926022A920064EDD4 /* HW5_InterestingAPI.app */;
			productType = "com.apple.product-type.application";
		};
		578E8F9E26022A950064EDD4 /* HW5_InterestingAPITests */ = {
			isa = PBXNativeTarget;
			buildConfigurationList = 578E8FB626022A960064EDD4 /* Build configuration list for PBXNativeTarget "HW5_InterestingAPITests" */;
			buildPhases = (
				578E8F9B26022A950064EDD4 /* Sources */,
				578E8F9C26022A950064EDD4 /* Frameworks */,
				578E8F9D26022A950064EDD4 /* Resources */,
			);
			buildRules = (
			);
			dependencies = (
				578E8FA126022A960064EDD4 /* PBXTargetDependency */,
			);
			name = HW5_InterestingAPITests;
			productName = HW5_InterestingAPITests;
			productReference = 578E8F9F26022A950064EDD4 /* HW5_InterestingAPITests.xctest */;
			productType = "com.apple.product-type.bundle.unit-test";
		};
		578E8FA926022A960064EDD4 /* HW5_InterestingAPIUITests */ = {
			isa = PBXNativeTarget;
			buildConfigurationList = 578E8FB926022A960064EDD4 /* Build configuration list for PBXNativeTarget "HW5_InterestingAPIUITests" */;
			buildPhases = (
				578E8FA626022A960064EDD4 /* Sources */,
				578E8FA726022A960064EDD4 /* Frameworks */,
				578E8FA826022A960064EDD4 /* Resources */,
			);
			buildRules = (
			);
			dependencies = (
				578E8FAC26022A960064EDD4 /* PBXTargetDependency */,
			);
			name = HW5_InterestingAPIUITests;
			productName = HW5_InterestingAPIUITests;
			productReference = 578E8FAA26022A960064EDD4 /* HW5_InterestingAPIUITests.xctest */;
			productType = "com.apple.product-type.bundle.ui-testing";
		};
/* End PBXNativeTarget section */

/* Begin PBXProject section */
		578E8F8126022A920064EDD4 /* Project object */ = {
			isa = PBXProject;
			attributes = {
				LastSwiftUpdateCheck = 1240;
				LastUpgradeCheck = 1240;
				TargetAttributes = {
					578E8F8826022A920064EDD4 = {
						CreatedOnToolsVersion = 12.4;
					};
					578E8F9E26022A950064EDD4 = {
						CreatedOnToolsVersion = 12.4;
						TestTargetID = 578E8F8826022A920064EDD4;
					};
					578E8FA926022A960064EDD4 = {
						CreatedOnToolsVersion = 12.4;
						TestTargetID = 578E8F8826022A920064EDD4;
					};
				};
			};
			buildConfigurationList = 578E8F8426022A920064EDD4 /* Build configuration list for PBXProject "HW5_InterestingAPI" */;
			compatibilityVersion = "Xcode 9.3";
			developmentRegion = en;
			hasScannedForEncodings = 0;
			knownRegions = (
				en,
				Base,
			);
			mainGroup = 578E8F8026022A920064EDD4;
			productRefGroup = 578E8F8A26022A920064EDD4 /* Products */;
			projectDirPath = "";
			projectRoot = "";
			targets = (
				578E8F8826022A920064EDD4 /* HW5_InterestingAPI */,
				578E8F9E26022A950064EDD4 /* HW5_InterestingAPITests */,
				578E8FA926022A960064EDD4 /* HW5_InterestingAPIUITests */,
			);
		};
/* End PBXProject section */

/* Begin PBXResourcesBuildPhase section */
		578E8F8726022A920064EDD4 /* Resources */ = {
			isa = PBXResourcesBuildPhase;
			buildActionMask = 2147483647;
			files = (
				57CBC656260600FC0095E004 /* Pizza.usdz in Resources */,
				578E8F9926022A950064EDD4 /* LaunchScreen.storyboard in Resources */,
				578E8F9626022A950064EDD4 /* Assets.xcassets in Resources */,
				578E8F9426022A920064EDD4 /* Main.storyboard in Resources */,
			);
			runOnlyForDeploymentPostprocessing = 0;
		};
		578E8F9D26022A950064EDD4 /* Resources */ = {
			isa = PBXResourcesBuildPhase;
			buildActionMask = 2147483647;
			files = (
			);
			runOnlyForDeploymentPostprocessing = 0;
		};
		578E8FA826022A960064EDD4 /* Resources */ = {
			isa = PBXResourcesBuildPhase;
			buildActionMask = 2147483647;
			files = (
			);
			runOnlyForDeploymentPostprocessing = 0;
		};
/* End PBXResourcesBuildPhase section */

/* Begin PBXSourcesBuildPhase section */
		578E8F8526022A920064EDD4 /* Sources */ = {
			isa = PBXSourcesBuildPhase;
			buildActionMask = 2147483647;
			files = (
				57CBC63E2604BE460095E004 /* ARModel.swift in Sources */,
				578E8F9126022A920064EDD4 /* ViewController.swift in Sources */,
				578E8F8D26022A920064EDD4 /* AppDelegate.swift in Sources */,
				578E8F8F26022A920064EDD4 /* SceneDelegate.swift in Sources */,
			);
			runOnlyForDeploymentPostprocessing = 0;
		};
		578E8F9B26022A950064EDD4 /* Sources */ = {
			isa = PBXSourcesBuildPhase;
			buildActionMask = 2147483647;
			files = (
				578E8FA426022A960064EDD4 /* HW5_InterestingAPITests.swift in Sources */,
			);
			runOnlyForDeploymentPostprocessing = 0;
		};
		578E8FA626022A960064EDD4 /* Sources */ = {
			isa = PBXSourcesBuildPhase;
			buildActionMask = 2147483647;
			files = (
				578E8FAF26022A960064EDD4 /* HW5_InterestingAPIUITests.swift in Sources */,
			);
			runOnlyForDeploymentPostprocessing = 0;
		};
/* End PBXSourcesBuildPhase section */

/* Begin PBXTargetDependency section */
		578E8FA126022A960064EDD4 /* PBXTargetDependency */ = {
			isa = PBXTargetDependency;
			target = 578E8F8826022A920064EDD4 /* HW5_InterestingAPI */;
			targetProxy = 578E8FA026022A960064EDD4 /* PBXContainerItemProxy */;
		};
		578E8FAC26022A960064EDD4 /* PBXTargetDependency */ = {
			isa = PBXTargetDependency;
			target = 578E8F8826022A920064EDD4 /* HW5_InterestingAPI */;
			targetProxy = 578E8FAB26022A960064EDD4 /* PBXContainerItemProxy */;
		};
/* End PBXTargetDependency section */

/* Begin PBXVariantGroup section */
		578E8F9226022A920064EDD4 /* Main.storyboard */ = {
			isa = PBXVariantGroup;
			children = (
				578E8F9326022A920064EDD4 /* Base */,
			);
			name = Main.storyboard;
			sourceTree = "<group>";
		};
		578E8F9726022A950064EDD4 /* LaunchScreen.storyboard */ = {
			isa = PBXVariantGroup;
			children = (
				578E8F9826022A950064EDD4 /* Base */,
			);
			name = LaunchScreen.storyboard;
			sourceTree = "<group>";
		};
/* End PBXVariantGroup section */

/* Begin XCBuildConfiguration section */
		578E8FB126022A960064EDD4 /* Debug */ = {
			isa = XCBuildConfiguration;
			buildSettings = {
				ALWAYS_SEARCH_USER_PATHS = NO;
				CLANG_ANALYZER_NONNULL = YES;
				CLANG_ANALYZER_NUMBER_OBJECT_CONVERSION = YES_AGGRESSIVE;
				CLANG_CXX_LANGUAGE_STANDARD = "gnu++14";
				CLANG_CXX_LIBRARY = "libc++";
				CLANG_ENABLE_MODULES = YES;
				CLANG_ENABLE_OBJC_ARC = YES;
				CLANG_ENABLE_OBJC_WEAK = YES;
				CLANG_WARN_BLOCK_CAPTURE_AUTORELEASING = YES;
				CLANG_WARN_BOOL_CONVERSION = YES;
				CLANG_WARN_COMMA = YES;
				CLANG_WARN_CONSTANT_CONVERSION = YES;
				CLANG_WARN_DEPRECATED_OBJC_IMPLEMENTATIONS = YES;
				CLANG_WARN_DIRECT_OBJC_ISA_USAGE = YES_ERROR;
				CLANG_WARN_DOCUMENTATION_COMMENTS = YES;
				CLANG_WARN_EMPTY_BODY = YES;
				CLANG_WARN_ENUM_CONVERSION = YES;
				CLANG_WARN_INFINITE_RECURSION = YES;
				CLANG_WARN_INT_CONVERSION = YES;
				CLANG_WARN_NON_LITERAL_NULL_CONVERSION = YES;
				CLANG_WARN_OBJC_IMPLICIT_RETAIN_SELF = YES;
				CLANG_WARN_OBJC_LITERAL_CONVERSION = YES;
				CLANG_WARN_OBJC_ROOT_CLASS = YES_ERROR;
				CLANG_WARN_QUOTED_INCLUDE_IN_FRAMEWORK_HEADER = YES;
				CLANG_WARN_RANGE_LOOP_ANALYSIS = YES;
				CLANG_WARN_STRICT_PROTOTYPES = YES;
				CLANG_WARN_SUSPICIOUS_MOVE = YES;
				CLANG_WARN_UNGUARDED_AVAILABILITY = YES_AGGRESSIVE;
				CLANG_WARN_UNREACHABLE_CODE = YES;
				CLANG_WARN__DUPLICATE_METHOD_MATCH = YES;
				COPY_PHASE_STRIP = NO;
				DEBUG_INFORMATION_FORMAT = dwarf;
				ENABLE_STRICT_OBJC_MSGSEND = YES;
				ENABLE_TESTABILITY = YES;
				GCC_C_LANGUAGE_STANDARD = gnu11;
				GCC_DYNAMIC_NO_PIC = NO;
				GCC_NO_COMMON_BLOCKS = YES;
				GCC_OPTIMIZATION_LEVEL = 0;
				GCC_PREPROCESSOR_DEFINITIONS = (
					"DEBUG=1",
					"$(inherited)",
				);
				GCC_WARN_64_TO_32_BIT_CONVERSION = YES;
				GCC_WARN_ABOUT_RETURN_TYPE = YES_ERROR;
				GCC_WARN_UNDECLARED_SELECTOR = YES;
				GCC_WARN_UNINITIALIZED_AUTOS = YES_AGGRESSIVE;
				GCC_WARN_UNUSED_FUNCTION = YES;
				GCC_WARN_UNUSED_VARIABLE = YES;
				IPHONEOS_DEPLOYMENT_TARGET = 14.4;
				MTL_ENABLE_DEBUG_INFO = INCLUDE_SOURCE;
				MTL_FAST_MATH = YES;
				ONLY_ACTIVE_ARCH = YES;
				SDKROOT = iphoneos;
				SWIFT_ACTIVE_COMPILATION_CONDITIONS = DEBUG;
				SWIFT_OPTIMIZATION_LEVEL = "-Onone";
			};
			name = Debug;
		};
		578E8FB226022A960064EDD4 /* Release */ = {
			isa = XCBuildConfiguration;
			buildSettings = {
				ALWAYS_SEARCH_USER_PATHS = NO;
				CLANG_ANALYZER_NONNULL = YES;
				CLANG_ANALYZER_NUMBER_OBJECT_CONVERSION = YES_AGGRESSIVE;
				CLANG_CXX_LANGUAGE_STANDARD = "gnu++14";
				CLANG_CXX_LIBRARY = "libc++";
				CLANG_ENABLE_MODULES = YES;
				CLANG_ENABLE_OBJC_ARC = YES;
				CLANG_ENABLE_OBJC_WEAK = YES;
				CLANG_WARN_BLOCK_CAPTURE_AUTORELEASING = YES;
				CLANG_WARN_BOOL_CONVERSION = YES;
				CLANG_WARN_COMMA = YES;
				CLANG_WARN_CONSTANT_CONVERSION = YES;
				CLANG_WARN_DEPRECATED_OBJC_IMPLEMENTATIONS = YES;
				CLANG_WARN_DIRECT_OBJC_ISA_USAGE = YES_ERROR;
				CLANG_WARN_DOCUMENTATION_COMMENTS = YES;
				CLANG_WARN_EMPTY_BODY = YES;
				CLANG_WARN_ENUM_CONVERSION = YES;
				CLANG_WARN_INFINITE_RECURSION = YES;
				CLANG_WARN_INT_CONVERSION = YES;
				CLANG_WARN_NON_LITERAL_NULL_CONVERSION = YES;
				CLANG_WARN_OBJC_IMPLICIT_RETAIN_SELF = YES;
				CLANG_WARN_OBJC_LITERAL_CONVERSION = YES;
				CLANG_WARN_OBJC_ROOT_CLASS = YES_ERROR;
				CLANG_WARN_QUOTED_INCLUDE_IN_FRAMEWORK_HEADER = YES;
				CLANG_WARN_RANGE_LOOP_ANALYSIS = YES;
				CLANG_WARN_STRICT_PROTOTYPES = YES;
				CLANG_WARN_SUSPICIOUS_MOVE = YES;
				CLANG_WARN_UNGUARDED_AVAILABILITY = YES_AGGRESSIVE;
				CLANG_WARN_UNREACHABLE_CODE = YES;
				CLANG_WARN__DUPLICATE_METHOD_MATCH = YES;
				COPY_PHASE_STRIP = NO;
				DEBUG_INFORMATION_FORMAT = "dwarf-with-dsym";
				ENABLE_NS_ASSERTIONS = NO;
				ENABLE_STRICT_OBJC_MSGSEND = YES;
				GCC_C_LANGUAGE_STANDARD = gnu11;
				GCC_NO_COMMON_BLOCKS = YES;
				GCC_WARN_64_TO_32_BIT_CONVERSION = YES;
				GCC_WARN_ABOUT_RETURN_TYPE = YES_ERROR;
				GCC_WARN_UNDECLARED_SELECTOR = YES;
				GCC_WARN_UNINITIALIZED_AUTOS = YES_AGGRESSIVE;
				GCC_WARN_UNUSED_FUNCTION = YES;
				GCC_WARN_UNUSED_VARIABLE = YES;
				IPHONEOS_DEPLOYMENT_TARGET = 14.4;
				MTL_ENABLE_DEBUG_INFO = NO;
				MTL_FAST_MATH = YES;
				SDKROOT = iphoneos;
				SWIFT_COMPILATION_MODE = wholemodule;
				SWIFT_OPTIMIZATION_LEVEL = "-O";
				VALIDATE_PRODUCT = YES;
			};
			name = Release;
		};
		578E8FB426022A960064EDD4 /* Debug */ = {
			isa = XCBuildConfiguration;
			buildSettings = {
				ASSETCATALOG_COMPILER_APPICON_NAME = AppIcon;
				ASSETCATALOG_COMPILER_GLOBAL_ACCENT_COLOR_NAME = AccentColor;
				CODE_SIGN_STYLE = Automatic;
				DEVELOPMENT_TEAM = 4C7WMFF7BR;
				INFOPLIST_FILE = HW5_InterestingAPI/Info.plist;
				LD_RUNPATH_SEARCH_PATHS = (
					"$(inherited)",
					"@executable_path/Frameworks",
				);
				PRODUCT_BUNDLE_IDENTIFIER = "KeremGurses.HW5-InterestingAPI";
				PRODUCT_NAME = "$(TARGET_NAME)";
				SWIFT_VERSION = 5.0;
				TARGETED_DEVICE_FAMILY = "1,2";
			};
			name = Debug;
		};
		578E8FB526022A960064EDD4 /* Release */ = {
			isa = XCBuildConfiguration;
			buildSettings = {
				ASSETCATALOG_COMPILER_APPICON_NAME = AppIcon;
				ASSETCATALOG_COMPILER_GLOBAL_ACCENT_COLOR_NAME = AccentColor;
				CODE_SIGN_STYLE = Automatic;
				DEVELOPMENT_TEAM = 4C7WMFF7BR;
				INFOPLIST_FILE = HW5_InterestingAPI/Info.plist;
				LD_RUNPATH_SEARCH_PATHS = (
					"$(inherited)",
					"@executable_path/Frameworks",
				);
				PRODUCT_BUNDLE_IDENTIFIER = "KeremGurses.HW5-InterestingAPI";
				PRODUCT_NAME = "$(TARGET_NAME)";
				SWIFT_VERSION = 5.0;
				TARGETED_DEVICE_FAMILY = "1,2";
			};
			name = Release;
		};
		578E8FB726022A960064EDD4 /* Debug */ = {
			isa = XCBuildConfiguration;
			buildSettings = {
				ALWAYS_EMBED_SWIFT_STANDARD_LIBRARIES = YES;
				BUNDLE_LOADER = "$(TEST_HOST)";
				CODE_SIGN_STYLE = Automatic;
				DEVELOPMENT_TEAM = 4C7WMFF7BR;
				INFOPLIST_FILE = HW5_InterestingAPITests/Info.plist;
				IPHONEOS_DEPLOYMENT_TARGET = 14.4;
				LD_RUNPATH_SEARCH_PATHS = (
					"$(inherited)",
					"@executable_path/Frameworks",
					"@loader_path/Frameworks",
				);
				PRODUCT_BUNDLE_IDENTIFIER = "KeremGurses.HW5-InterestingAPITests";
				PRODUCT_NAME = "$(TARGET_NAME)";
				SWIFT_VERSION = 5.0;
				TARGETED_DEVICE_FAMILY = "1,2";
				TEST_HOST = "$(BUILT_PRODUCTS_DIR)/HW5_InterestingAPI.app/HW5_InterestingAPI";
			};
			name = Debug;
		};
		578E8FB826022A960064EDD4 /* Release */ = {
			isa = XCBuildConfiguration;
			buildSettings = {
				ALWAYS_EMBED_SWIFT_STANDARD_LIBRARIES = YES;
				BUNDLE_LOADER = "$(TEST_HOST)";
				CODE_SIGN_STYLE = Automatic;
				DEVELOPMENT_TEAM = 4C7WMFF7BR;
				INFOPLIST_FILE = HW5_InterestingAPITests/Info.plist;
				IPHONEOS_DEPLOYMENT_TARGET = 14.4;
				LD_RUNPATH_SEARCH_PATHS = (
					"$(inherited)",
					"@executable_path/Frameworks",
					"@loader_path/Frameworks",
				);
				PRODUCT_BUNDLE_IDENTIFIER = "KeremGurses.HW5-InterestingAPITests";
				PRODUCT_NAME = "$(TARGET_NAME)";
				SWIFT_VERSION = 5.0;
				TARGETED_DEVICE_FAMILY = "1,2";
				TEST_HOST = "$(BUILT_PRODUCTS_DIR)/HW5_InterestingAPI.app/HW5_InterestingAPI";
			};
			name = Release;
		};
		578E8FBA26022A960064EDD4 /* Debug */ = {
			isa = XCBuildConfiguration;
			buildSettings = {
				ALWAYS_EMBED_SWIFT_STANDARD_LIBRARIES = YES;
				CODE_SIGN_STYLE = Automatic;
				DEVELOPMENT_TEAM = 4C7WMFF7BR;
				INFOPLIST_FILE = HW5_InterestingAPIUITests/Info.plist;
				LD_RUNPATH_SEARCH_PATHS = (
					"$(inherited)",
					"@executable_path/Frameworks",
					"@loader_path/Frameworks",
				);
				PRODUCT_BUNDLE_IDENTIFIER = "KeremGurses.HW5-InterestingAPIUITests";
				PRODUCT_NAME = "$(TARGET_NAME)";
				SWIFT_VERSION = 5.0;
				TARGETED_DEVICE_FAMILY = "1,2";
				TEST_TARGET_NAME = HW5_InterestingAPI;
			};
			name = Debug;
		};
		578E8FBB26022A960064EDD4 /* Release */ = {
			isa = XCBuildConfiguration;
			buildSettings = {
				ALWAYS_EMBED_SWIFT_STANDARD_LIBRARIES = YES;
				CODE_SIGN_STYLE = Automatic;
				DEVELOPMENT_TEAM = 4C7WMFF7BR;
				INFOPLIST_FILE = HW5_InterestingAPIUITests/Info.plist;
				LD_RUNPATH_SEARCH_PATHS = (
					"$(inherited)",
					"@executable_path/Frameworks",
					"@loader_path/Frameworks",
				);
				PRODUCT_BUNDLE_IDENTIFIER = "KeremGurses.HW5-InterestingAPIUITests";
				PRODUCT_NAME = "$(TARGET_NAME)";
				SWIFT_VERSION = 5.0;
				TARGETED_DEVICE_FAMILY = "1,2";
				TEST_TARGET_NAME = HW5_InterestingAPI;
			};
			name = Release;
		};
/* End XCBuildConfiguration section */

/* Begin XCConfigurationList section */
		578E8F8426022A920064EDD4 /* Build configuration list for PBXProject "HW5_InterestingAPI" */ = {
			isa = XCConfigurationList;
			buildConfigurations = (
				578E8FB126022A960064EDD4 /* Debug */,
				578E8FB226022A960064EDD4 /* Release */,
			);
			defaultConfigurationIsVisible = 0;
			defaultConfigurationName = Release;
		};
		578E8FB326022A960064EDD4 /* Build configuration list for PBXNativeTarget "HW5_InterestingAPI" */ = {
			isa = XCConfigurationList;
			buildConfigurations = (
				578E8FB426022A960064EDD4 /* Debug */,
				578E8FB526022A960064EDD4 /* Release */,
			);
			defaultConfigurationIsVisible = 0;
			defaultConfigurationName = Release;
		};
		578E8FB626022A960064EDD4 /* Build configuration list for PBXNativeTarget "HW5_InterestingAPITests" */ = {
			isa = XCConfigurationList;
			buildConfigurations = (
				578E8FB726022A960064EDD4 /* Debug */,
				578E8FB826022A960064EDD4 /* Release */,
			);
			defaultConfigurationIsVisible = 0;
			defaultConfigurationName = Release;
		};
		578E8FB926022A960064EDD4 /* Build configuration list for PBXNativeTarget "HW5_InterestingAPIUITests" */ = {
			isa = XCConfigurationList;
			buildConfigurations = (
				578E8FBA26022A960064EDD4 /* Debug */,
				578E8FBB26022A960064EDD4 /* Release */,
			);
			defaultConfigurationIsVisible = 0;
			defaultConfigurationName = Release;
		};
/* End XCConfigurationList section */
	};
	rootObject = 578E8F8126022A920064EDD4 /* Project object */;
}
